<?xml version="1.0" encoding="utf-8"?>
<Project ToolsVersion="4.0" xmlns="http://schemas.microsoft.com/developer/msbuild/2003">
  <ItemGroup>
    <Filter Include="Source Files">
      <UniqueIdentifier>{4FC737F1-C7A5-4376-A066-2A32D752A2FF}</UniqueIdentifier>
      <Extensions>cpp;c;cc;cxx;def;odl;idl;hpj;bat;asm;asmx</Extensions>
    </Filter>
    <Filter Include="Header Files">
      <UniqueIdentifier>{93995380-89BD-4b04-88EB-625FBE52EBFB}</UniqueIdentifier>
      <Extensions>h;hh;hpp;hxx;hm;inl;inc;xsd</Extensions>
    </Filter>
    <Filter Include="Resource Files">
      <UniqueIdentifier>{67DA6AB6-F800-4c08-8B7A-83BB121AAD01}</UniqueIdentifier>
      <Extensions>rc;ico;cur;bmp;dlg;rc2;rct;bin;rgs;gif;jpg;jpeg;jpe;resx;tiff;tif;png;wav;mfcribbon-ms</Extensions>
    </Filter>
    <Filter Include="Header Files\Reflection">
      <UniqueIdentifier>{8e226753-987a-4d51-89e5-2b937467b2a6}</UniqueIdentifier>
    </Filter>
    <Filter Include="Source Files\Reflection">
      <UniqueIdentifier>{4b5f3d5a-7251-4c6d-ab7c-3e6ad6e06417}</UniqueIdentifier>
    </Filter>
  </ItemGroup>
  <ItemGroup>
    <ClInclude Include="Include\Reflection\BPClass.h">
      <Filter>Header Files\Reflection</Filter>
    </ClInclude>
    <ClInclude Include="Include\Reflection\BPClassFactory.h">
      <Filter>Header Files\Reflection</Filter>
    </ClInclude>
    <ClInclude Include="Include\Reflection\BPObject.h">
      <Filter>Header Files\Reflection</Filter>
    </ClInclude>
    <ClInclude Include="Include\Reflection\BPSmartPtr.h">
      <Filter>Header Files</Filter>
    </ClInclude>
    <ClInclude Include="Include\Reflection\BPVariant.h">
      <Filter>Header Files</Filter>
    </ClInclude>
    <ClInclude Include="Include\Reflection\BPAny.h">
      <Filter>Header Files</Filter>
    </ClInclude>
    <ClInclude Include="Include\Reflection\BPTypes.h">
      <Filter>Header Files</Filter>
    </ClInclude>
    <ClInclude Include="Include\Reflection\BPProperty.h">
      <Filter>Header Files</Filter>
    </ClInclude>
    <ClInclude Include="Include\Serialization\IBPStream.h">
      <Filter>Header Files</Filter>
    </ClInclude>
    <ClInclude Include="Include\Serialization\BPBinaryStream.h">
      <Filter>Header Files</Filter>
    </ClInclude>
    <ClInclude Include="BPBuffer.h">
      <Filter>Header Files</Filter>
    </ClInclude>
  </ItemGroup>
  <ItemGroup>
    <ClCompile Include="Source\Reflection\BPClass.cpp">
      <Filter>Source Files\Reflection</Filter>
    </ClCompile>
    <ClCompile Include="Source\Reflection\BPClassFactory.cpp">
      <Filter>Source Files\Reflection</Filter>
    </ClCompile>
    <ClCompile Include="Source\Reflection\BPObject.cpp">
      <Filter>Source Files\Reflection</Filter>
    </ClCompile>
    <ClCompile Include="Source.cpp">
      <Filter>Source Files</Filter>
    </ClCompile>
    <ClCompile Include="Source\Reflection\BPSmartPtr.cpp">
      <Filter>Source Files</Filter>
    </ClCompile>
    <ClCompile Include="Source\Serialization\IBPStream.cpp">
      <Filter>Source Files</Filter>
    </ClCompile>
    <ClCompile Include="Source\Serialization\BPBinaryStream.cpp">
      <Filter>Source Files</Filter>
    </ClCompile>
    <ClCompile Include="BPBuffer.cpp">
      <Filter>Source Files</Filter>
    </ClCompile>
  </ItemGroup>
</Project>